
Microsoft Visual Studio Solution File, Format Version 12.00
# Visual Studio Version 17
VisualStudioVersion = 17.13.35931.197 d17.13
MinimumVisualStudioVersion = 10.0.40219.1
Project("{FAE04EC0-301F-11D3-BF4B-00C04F79EFBC}") = "EmailNotification", "EmailNotification.csproj", "{247060DA-DBD4-47AE-92BB-62B2A502ACBB}"
EndProject
Global
	GlobalSection(SolutionConfigurationPlatforms) = preSolution
		Debug|Any CPU = Debug|Any CPU
		Release|Any CPU = Release|Any CPU
	EndGlobalSection
	GlobalSection(ProjectConfigurationPlatforms) = postSolution
		{247060DA-DBD4-47AE-92BB-62B2A502ACBB}.Debug|Any CPU.ActiveCfg = Debug|Any CPU
		{247060DA-DBD4-47AE-92BB-62B2A502ACBB}.Debug|Any CPU.Build.0 = Debug|Any CPU
		{247060DA-DBD4-47AE-92BB-62B2A502ACBB}.Release|Any CPU.ActiveCfg = Release|Any CPU
		{247060DA-DBD4-47AE-92BB-62B2A502ACBB}.Release|Any CPU.Build.0 = Release|Any CPU
	EndGlobalSection
	GlobalSection(SolutionProperties) = preSolution
		HideSolutionNode = FALSE
	EndGlobalSection
	GlobalSection(ExtensibilityGlobals) = postSolution
		SolutionGuid = {E3F64681-38E5-4C4E-8FF7-7183A1B3D077}
	EndGlobalSection
EndGlobal
